
Microsoft Visual Studio Solution File, Format Version 12.00
# Visual Studio Version 17
VisualStudioVersion = 17.14.36603.0
MinimumVisualStudioVersion = 10.0.40219.1
Project("{FAE04EC0-301F-11D3-BF4B-00C04F79EFBC}") = "McpAdapter", "McpAdapter\McpAdapter.csproj", "{0636E36B-C0FC-4C5D-B675-2E294590E5A4}"
EndProject
Project("{FAE04EC0-301F-11D3-BF4B-00C04F79EFBC}") = "McpAdapter.SampleStdioServer", "McpAdapter.SampleStdioServer\McpAdapter.SampleStdioServer.csproj", "{42844A4F-8127-4EBF-98BA-3F488E7CD166}"
EndProject
Global
	GlobalSection(SolutionConfigurationPlatforms) = preSolution
		Debug|Any CPU = Debug|Any CPU
		Release|Any CPU = Release|Any CPU
	EndGlobalSection
	GlobalSection(ProjectConfigurationPlatforms) = postSolution
		{0636E36B-C0FC-4C5D-B675-2E294590E5A4}.Debug|Any CPU.ActiveCfg = Debug|Any CPU
		{0636E36B-C0FC-4C5D-B675-2E294590E5A4}.Debug|Any CPU.Build.0 = Debug|Any CPU
		{0636E36B-C0FC-4C5D-B675-2E294590E5A4}.Release|Any CPU.ActiveCfg = Release|Any CPU
		{0636E36B-C0FC-4C5D-B675-2E294590E5A4}.Release|Any CPU.Build.0 = Release|Any CPU
		{42844A4F-8127-4EBF-98BA-3F488E7CD166}.Debug|Any CPU.ActiveCfg = Debug|Any CPU
		{42844A4F-8127-4EBF-98BA-3F488E7CD166}.Debug|Any CPU.Build.0 = Debug|Any CPU
		{42844A4F-8127-4EBF-98BA-3F488E7CD166}.Release|Any CPU.ActiveCfg = Release|Any CPU
		{42844A4F-8127-4EBF-98BA-3F488E7CD166}.Release|Any CPU.Build.0 = Release|Any CPU
	EndGlobalSection
	GlobalSection(SolutionProperties) = preSolution
		HideSolutionNode = FALSE
	EndGlobalSection
	GlobalSection(ExtensibilityGlobals) = postSolution
		SolutionGuid = {017D9E41-03FA-4F84-95F1-3E1F20858C2C}
	EndGlobalSection
EndGlobal
